// !$*UTF8*$!
{
	archiveVersion = 1;
	classes = {
	};
	objectVersion = 56;
	objects = {

/* Begin PBXBuildFile section */
		2A3AB1602B03B22600E2893C /* AppDelegate.swift in Sources */ = {isa = PBXBuildFile; fileRef = 2A3AB15F2B03B22600E2893C /* AppDelegate.swift */; };
		2A3AB1622B03B22600E2893C /* SceneDelegate.swift in Sources */ = {isa = PBXBuildFile; fileRef = 2A3AB1612B03B22600E2893C /* SceneDelegate.swift */; };
		2A3AB1642B03B22600E2893C /* ViewController.swift in Sources */ = {isa = PBXBuildFile; fileRef = 2A3AB1632B03B22600E2893C /* ViewController.swift */; };
		2A3AB1672B03B22600E2893C /* Main.storyboard in Resources */ = {isa = PBXBuildFile; fileRef = 2A3AB1652B03B22600E2893C /* Main.storyboard */; };
		2A3AB1692B03B22600E2893C /* Assets.xcassets in Resources */ = {isa = PBXBuildFile; fileRef = 2A3AB1682B03B22600E2893C /* Assets.xcassets */; };
		2A3AB16C2B03B22600E2893C /* LaunchScreen.storyboard in Resources */ = {isa = PBXBuildFile; fileRef = 2A3AB16A2B03B22600E2893C /* LaunchScreen.storyboard */; };
		2A3AB1772B03B22700E2893C /* iOSPackTests.swift in Sources */ = {isa = PBXBuildFile; fileRef = 2A3AB1762B03B22700E2893C /* iOSPackTests.swift */; };
		2A3AB1812B03B22700E2893C /* iOSPackUITests.swift in Sources */ = {isa = PBXBuildFile; fileRef = 2A3AB1802B03B22700E2893C /* iOSPackUITests.swift */; };
		2A3AB1832B03B22700E2893C /* iOSPackUITestsLaunchTests.swift in Sources */ = {isa = PBXBuildFile; fileRef = 2A3AB1822B03B22700E2893C /* iOSPackUITestsLaunchTests.swift */; };
/* End PBXBuildFile section */

/* Begin PBXContainerItemProxy section */
		2A3AB1732B03B22700E2893C /* PBXContainerItemProxy */ = {
			isa = PBXContainerItemProxy;
			containerPortal = 2A3AB1542B03B22600E2893C /* Project object */;
			proxyType = 1;
			remoteGlobalIDString = 2A3AB15B2B03B22600E2893C;
			remoteInfo = iOSPack;
		};
		2A3AB17D2B03B22700E2893C /* PBXContainerItemProxy */ = {
			isa = PBXContainerItemProxy;
			containerPortal = 2A3AB1542B03B22600E2893C /* Project object */;
			proxyType = 1;
			remoteGlobalIDString = 2A3AB15B2B03B22600E2893C;
			remoteInfo = iOSPack;
		};
/* End PBXContainerItemProxy section */

/* Begin PBXFileReference section */
		2A3AB15C2B03B22600E2893C /* iOSPack.app */ = {isa = PBXFileReference; explicitFileType = wrapper.application; includeInIndex = 0; path = iOSPack.app; sourceTree = BUILT_PRODUCTS_DIR; };
		2A3AB15F2B03B22600E2893C /* AppDelegate.swift */ = {isa = PBXFileReference; lastKnownFileType = sourcecode.swift; path = AppDelegate.swift; sourceTree = "<group>"; };
		2A3AB1612B03B22600E2893C /* SceneDelegate.swift */ = {isa = PBXFileReference; lastKnownFileType = sourcecode.swift; path = SceneDelegate.swift; sourceTree = "<group>"; };
		2A3AB1632B03B22600E2893C /* ViewController.swift */ = {isa = PBXFileReference; lastKnownFileType = sourcecode.swift; path = ViewController.swift; sourceTree = "<group>"; };
		2A3AB1662B03B22600E2893C /* Base */ = {isa = PBXFileReference; lastKnownFileType = file.storyboard; name = Base; path = Base.lproj/Main.storyboard; sourceTree = "<group>"; };
		2A3AB1682B03B22600E2893C /* Assets.xcassets */ = {isa = PBXFileReference; lastKnownFileType = folder.assetcatalog; path = Assets.xcassets; sourceTree = "<group>"; };
		2A3AB16B2B03B22600E2893C /* Base */ = {isa = PBXFileReference; lastKnownFileType = file.storyboard; name = Base; path = Base.lproj/LaunchScreen.storyboard; sourceTree = "<group>"; };
		2A3AB16D2B03B22600E2893C /* Info.plist */ = {isa = PBXFileReference; lastKnownFileType = text.plist.xml; path = Info.plist; sourceTree = "<group>"; };
		2A3AB1722B03B22700E2893C /* iOSPackTests.xctest */ = {isa = PBXFileReference; explicitFileType = wrapper.cfbundle; includeInIndex = 0; path = iOSPackTests.xctest; sourceTree = BUILT_PRODUCTS_DIR; };
		2A3AB1762B03B22700E2893C /* iOSPackTests.swift */ = {isa = PBXFileReference; lastKnownFileType = sourcecode.swift; path = iOSPackTests.swift; sourceTree = "<group>"; };
		2A3AB17C2B03B22700E2893C /* iOSPackUITests.xctest */ = {isa = PBXFileReference; explicitFileType = wrapper.cfbundle; includeInIndex = 0; path = iOSPackUITests.xctest; sourceTree = BUILT_PRODUCTS_DIR; };
		2A3AB1802B03B22700E2893C /* iOSPackUITests.swift */ = {isa = PBXFileReference; lastKnownFileType = sourcecode.swift; path = iOSPackUITests.swift; sourceTree = "<group>"; };
		2A3AB1822B03B22700E2893C /* iOSPackUITestsLaunchTests.swift */ = {isa = PBXFileReference; lastKnownFileType = sourcecode.swift; path = iOSPackUITestsLaunchTests.swift; sourceTree = "<group>"; };
/* End PBXFileReference section */

/* Begin PBXFrameworksBuildPhase section */
		2A3AB1592B03B22600E2893C /* Frameworks */ = {
			isa = PBXFrameworksBuildPhase;
			buildActionMask = 2147483647;
			files = (
			);
			runOnlyForDeploymentPostprocessing = 0;
		};
		2A3AB16F2B03B22700E2893C /* Frameworks */ = {
			isa = PBXFrameworksBuildPhase;
			buildActionMask = 2147483647;
			files = (
			);
			runOnlyForDeploymentPostprocessing = 0;
		};
		2A3AB1792B03B22700E2893C /* Frameworks */ = {
			isa = PBXFrameworksBuildPhase;
			buildActionMask = 2147483647;
			files = (
			);
			runOnlyForDeploymentPostprocessing = 0;
		};
/* End PBXFrameworksBuildPhase section */

/* Begin PBXGroup section */
		2A3AB1532B03B22600E2893C = {
			isa = PBXGroup;
			children = (
				2A3AB15E2B03B22600E2893C /* iOSPack */,
				2A3AB1752B03B22700E2893C /* iOSPackTests */,
				2A3AB17F2B03B22700E2893C /* iOSPackUITests */,
				2A3AB15D2B03B22600E2893C /* Products */,
			);
			sourceTree = "<group>";
		};
		2A3AB15D2B03B22600E2893C /* Products */ = {
			isa = PBXGroup;
			children = (
				2A3AB15C2B03B22600E2893C /* iOSPack.app */,
				2A3AB1722B03B22700E2893C /* iOSPackTests.xctest */,
				2A3AB17C2B03B22700E2893C /* iOSPackUITests.xctest */,
			);
			name = Products;
			sourceTree = "<group>";
		};
		2A3AB15E2B03B22600E2893C /* iOSPack */ = {
			isa = PBXGroup;
			children = (
				2A3AB15F2B03B22600E2893C /* AppDelegate.swift */,
				2A3AB1612B03B22600E2893C /* SceneDelegate.swift */,
				2A3AB1632B03B22600E2893C /* ViewController.swift */,
				2A3AB1652B03B22600E2893C /* Main.storyboard */,
				2A3AB1682B03B22600E2893C /* Assets.xcassets */,
				2A3AB16A2B03B22600E2893C /* LaunchScreen.storyboard */,
				2A3AB16D2B03B22600E2893C /* Info.plist */,
			);
			path = iOSPack;
			sourceTree = "<group>";
		};
		2A3AB1752B03B22700E2893C /* iOSPackTests */ = {
			isa = PBXGroup;
			children = (
				2A3AB1762B03B22700E2893C /* iOSPackTests.swift */,
			);
			path = iOSPackTests;
			sourceTree = "<group>";
		};
		2A3AB17F2B03B22700E2893C /* iOSPackUITests */ = {
			isa = PBXGroup;
			children = (
				2A3AB1802B03B22700E2893C /* iOSPackUITests.swift */,
				2A3AB1822B03B22700E2893C /* iOSPackUITestsLaunchTests.swift */,
			);
			path = iOSPackUITests;
			sourceTree = "<group>";
		};
/* End PBXGroup section */

/* Begin PBXNativeTarget section */
		2A3AB15B2B03B22600E2893C /* iOSPack */ = {
			isa = PBXNativeTarget;
			buildConfigurationList = 2A3AB1862B03B22700E2893C /* Build configuration list for PBXNativeTarget "iOSPack" */;
			buildPhases = (
				2A3AB1582B03B22600E2893C /* Sources */,
				2A3AB1592B03B22600E2893C /* Frameworks */,
				2A3AB15A2B03B22600E2893C /* Resources */,
			);
			buildRules = (
			);
			dependencies = (
			);
			name = iOSPack;
			productName = iOSPack;
			productReference = 2A3AB15C2B03B22600E2893C /* iOSPack.app */;
			productType = "com.apple.product-type.application";
		};
		2A3AB1712B03B22700E2893C /* iOSPackTests */ = {
			isa = PBXNativeTarget;
			buildConfigurationList = 2A3AB1892B03B22700E2893C /* Build configuration list for PBXNativeTarget "iOSPackTests" */;
			buildPhases = (
				2A3AB16E2B03B22700E2893C /* Sources */,
				2A3AB16F2B03B22700E2893C /* Frameworks */,
				2A3AB1702B03B22700E2893C /* Resources */,
			);
			buildRules = (
			);
			dependencies = (
				2A3AB1742B03B22700E2893C /* PBXTargetDependency */,
			);
			name = iOSPackTests;
			productName = iOSPackTests;
			productReference = 2A3AB1722B03B22700E2893C /* iOSPackTests.xctest */;
			productType = "com.apple.product-type.bundle.unit-test";
		};
		2A3AB17B2B03B22700E2893C /* iOSPackUITests */ = {
			isa = PBXNativeTarget;
			buildConfigurationList = 2A3AB18C2B03B22700E2893C /* Build configuration list for PBXNativeTarget "iOSPackUITests" */;
			buildPhases = (
				2A3AB1782B03B22700E2893C /* Sources */,
				2A3AB1792B03B22700E2893C /* Frameworks */,
				2A3AB17A2B03B22700E2893C /* Resources */,
			);
			buildRules = (
			);
			dependencies = (
				2A3AB17E2B03B22700E2893C /* PBXTargetDependency */,
			);
			name = iOSPackUITests;
			productName = iOSPackUITests;
			productReference = 2A3AB17C2B03B22700E2893C /* iOSPackUITests.xctest */;
			productType = "com.apple.product-type.bundle.ui-testing";
		};
/* End PBXNativeTarget section */

/* Begin PBXProject section */
		2A3AB1542B03B22600E2893C /* Project object */ = {
			isa = PBXProject;
			attributes = {
				BuildIndependentTargetsInParallel = 1;
				LastSwiftUpdateCheck = 1430;
				LastUpgradeCheck = 1430;
				TargetAttributes = {
					2A3AB15B2B03B22600E2893C = {
						CreatedOnToolsVersion = 14.3.1;
					};
					2A3AB1712B03B22700E2893C = {
						CreatedOnToolsVersion = 14.3.1;
						TestTargetID = 2A3AB15B2B03B22600E2893C;
					};
					2A3AB17B2B03B22700E2893C = {
						CreatedOnToolsVersion = 14.3.1;
						TestTargetID = 2A3AB15B2B03B22600E2893C;
					};
				};
			};
			buildConfigurationList = 2A3AB1572B03B22600E2893C /* Build configuration list for PBXProject "iOSPack" */;
			compatibilityVersion = "Xcode 14.0";
			developmentRegion = en;
			hasScannedForEncodings = 0;
			knownRegions = (
				en,
				Base,
			);
			mainGroup = 2A3AB1532B03B22600E2893C;
			productRefGroup = 2A3AB15D2B03B22600E2893C /* Products */;
			projectDirPath = "";
			projectRoot = "";
			targets = (
				2A3AB15B2B03B22600E2893C /* iOSPack */,
				2A3AB1712B03B22700E2893C /* iOSPackTests */,
				2A3AB17B2B03B22700E2893C /* iOSPackUITests */,
			);
		};
/* End PBXProject section */

/* Begin PBXResourcesBuildPhase section */
		2A3AB15A2B03B22600E2893C /* Resources */ = {
			isa = PBXResourcesBuildPhase;
			buildActionMask = 2147483647;
			files = (
				2A3AB16C2B03B22600E2893C /* LaunchScreen.storyboard in Resources */,
				2A3AB1692B03B22600E2893C /* Assets.xcassets in Resources */,
				2A3AB1672B03B22600E2893C /* Main.storyboard in Resources */,
			);
			runOnlyForDeploymentPostprocessing = 0;
		};
		2A3AB1702B03B22700E2893C /* Resources */ = {
			isa = PBXResourcesBuildPhase;
			buildActionMask = 2147483647;
			files = (
			);
			runOnlyForDeploymentPostprocessing = 0;
		};
		2A3AB17A2B03B22700E2893C /* Resources */ = {
			isa = PBXResourcesBuildPhase;
			buildActionMask = 2147483647;
			files = (
			);
			runOnlyForDeploymentPostprocessing = 0;
		};
/* End PBXResourcesBuildPhase section */

/* Begin PBXSourcesBuildPhase section */
		2A3AB1582B03B22600E2893C /* Sources */ = {
			isa = PBXSourcesBuildPhase;
			buildActionMask = 2147483647;
			files = (
				2A3AB1642B03B22600E2893C /* ViewController.swift in Sources */,
				2A3AB1602B03B22600E2893C /* AppDelegate.swift in Sources */,
				2A3AB1622B03B22600E2893C /* SceneDelegate.swift in Sources */,
			);
			runOnlyForDeploymentPostprocessing = 0;
		};
		2A3AB16E2B03B22700E2893C /* Sources */ = {
			isa = PBXSourcesBuildPhase;
			buildActionMask = 2147483647;
			files = (
				2A3AB1772B03B22700E2893C /* iOSPackTests.swift in Sources */,
			);
			runOnlyForDeploymentPostprocessing = 0;
		};
		2A3AB1782B03B22700E2893C /* Sources */ = {
			isa = PBXSourcesBuildPhase;
			buildActionMask = 2147483647;
			files = (
				2A3AB1812B03B22700E2893C /* iOSPackUITests.swift in Sources */,
				2A3AB1832B03B22700E2893C /* iOSPackUITestsLaunchTests.swift in Sources */,
			);
			runOnlyForDeploymentPostprocessing = 0;
		};
/* End PBXSourcesBuildPhase section */

/* Begin PBXTargetDependency section */
		2A3AB1742B03B22700E2893C /* PBXTargetDependency */ = {
			isa = PBXTargetDependency;
			target = 2A3AB15B2B03B22600E2893C /* iOSPack */;
			targetProxy = 2A3AB1732B03B22700E2893C /* PBXContainerItemProxy */;
		};
		2A3AB17E2B03B22700E2893C /* PBXTargetDependency */ = {
			isa = PBXTargetDependency;
			target = 2A3AB15B2B03B22600E2893C /* iOSPack */;
			targetProxy = 2A3AB17D2B03B22700E2893C /* PBXContainerItemProxy */;
		};
/* End PBXTargetDependency section */

/* Begin PBXVariantGroup section */
		2A3AB1652B03B22600E2893C /* Main.storyboard */ = {
			isa = PBXVariantGroup;
			children = (
				2A3AB1662B03B22600E2893C /* Base */,
			);
			name = Main.storyboard;
			sourceTree = "<group>";
		};
		2A3AB16A2B03B22600E2893C /* LaunchScreen.storyboard */ = {
			isa = PBXVariantGroup;
			children = (
				2A3AB16B2B03B22600E2893C /* Base */,
			);
			name = LaunchScreen.storyboard;
			sourceTree = "<group>";
		};
/* End PBXVariantGroup section */

/* Begin XCBuildConfiguration section */
		2A3AB1842B03B22700E2893C /* Debug */ = {
			isa = XCBuildConfiguration;
			buildSettings = {
				ALWAYS_SEARCH_USER_PATHS = NO;
				CLANG_ANALYZER_NONNULL = YES;
				CLANG_ANALYZER_NUMBER_OBJECT_CONVERSION = YES_AGGRESSIVE;
				CLANG_CXX_LANGUAGE_STANDARD = "gnu++20";
				CLANG_ENABLE_MODULES = YES;
				CLANG_ENABLE_OBJC_ARC = YES;
				CLANG_ENABLE_OBJC_WEAK = YES;
				CLANG_WARN_BLOCK_CAPTURE_AUTORELEASING = YES;
				CLANG_WARN_BOOL_CONVERSION = YES;
				CLANG_WARN_COMMA = YES;
				CLANG_WARN_CONSTANT_CONVERSION = YES;
				CLANG_WARN_DEPRECATED_OBJC_IMPLEMENTATIONS = YES;
				CLANG_WARN_DIRECT_OBJC_ISA_USAGE = YES_ERROR;
				CLANG_WARN_DOCUMENTATION_COMMENTS = YES;
				CLANG_WARN_EMPTY_BODY = YES;
				CLANG_WARN_ENUM_CONVERSION = YES;
				CLANG_WARN_INFINITE_RECURSION = YES;
				CLANG_WARN_INT_CONVERSION = YES;
				CLANG_WARN_NON_LITERAL_NULL_CONVERSION = YES;
				CLANG_WARN_OBJC_IMPLICIT_RETAIN_SELF = YES;
				CLANG_WARN_OBJC_LITERAL_CONVERSION = YES;
				CLANG_WARN_OBJC_ROOT_CLASS = YES_ERROR;
				CLANG_WARN_QUOTED_INCLUDE_IN_FRAMEWORK_HEADER = YES;
				CLANG_WARN_RANGE_LOOP_ANALYSIS = YES;
				CLANG_WARN_STRICT_PROTOTYPES = YES;
				CLANG_WARN_SUSPICIOUS_MOVE = YES;
				CLANG_WARN_UNGUARDED_AVAILABILITY = YES_AGGRESSIVE;
				CLANG_WARN_UNREACHABLE_CODE = YES;
				CLANG_WARN__DUPLICATE_METHOD_MATCH = YES;
				COPY_PHASE_STRIP = NO;
				DEBUG_INFORMATION_FORMAT = dwarf;
				ENABLE_STRICT_OBJC_MSGSEND = YES;
				ENABLE_TESTABILITY = YES;
				GCC_C_LANGUAGE_STANDARD = gnu11;
				GCC_DYNAMIC_NO_PIC = NO;
				GCC_NO_COMMON_BLOCKS = YES;
				GCC_OPTIMIZATION_LEVEL = 0;
				GCC_PREPROCESSOR_DEFINITIONS = (
					"DEBUG=1",
					"$(inherited)",
				);
				GCC_WARN_64_TO_32_BIT_CONVERSION = YES;
				GCC_WARN_ABOUT_RETURN_TYPE = YES_ERROR;
				GCC_WARN_UNDECLARED_SELECTOR = YES;
				GCC_WARN_UNINITIALIZED_AUTOS = YES_AGGRESSIVE;
				GCC_WARN_UNUSED_FUNCTION = YES;
				GCC_WARN_UNUSED_VARIABLE = YES;
				IPHONEOS_DEPLOYMENT_TARGET = 16.4;
				MTL_ENABLE_DEBUG_INFO = INCLUDE_SOURCE;
				MTL_FAST_MATH = YES;
				ONLY_ACTIVE_ARCH = YES;
				SDKROOT = iphoneos;
				SWIFT_ACTIVE_COMPILATION_CONDITIONS = DEBUG;
				SWIFT_OPTIMIZATION_LEVEL = "-Onone";
			};
			name = Debug;
		};
		2A3AB1852B03B22700E2893C /* Release */ = {
			isa = XCBuildConfiguration;
			buildSettings = {
				ALWAYS_SEARCH_USER_PATHS = NO;
				CLANG_ANALYZER_NONNULL = YES;
				CLANG_ANALYZER_NUMBER_OBJECT_CONVERSION = YES_AGGRESSIVE;
				CLANG_CXX_LANGUAGE_STANDARD = "gnu++20";
				CLANG_ENABLE_MODULES = YES;
				CLANG_ENABLE_OBJC_ARC = YES;
				CLANG_ENABLE_OBJC_WEAK = YES;
				CLANG_WARN_BLOCK_CAPTURE_AUTORELEASING = YES;
				CLANG_WARN_BOOL_CONVERSION = YES;
				CLANG_WARN_COMMA = YES;
				CLANG_WARN_CONSTANT_CONVERSION = YES;
				CLANG_WARN_DEPRECATED_OBJC_IMPLEMENTATIONS = YES;
				CLANG_WARN_DIRECT_OBJC_ISA_USAGE = YES_ERROR;
				CLANG_WARN_DOCUMENTATION_COMMENTS = YES;
				CLANG_WARN_EMPTY_BODY = YES;
				CLANG_WARN_ENUM_CONVERSION = YES;
				CLANG_WARN_INFINITE_RECURSION = YES;
				CLANG_WARN_INT_CONVERSION = YES;
				CLANG_WARN_NON_LITERAL_NULL_CONVERSION = YES;
				CLANG_WARN_OBJC_IMPLICIT_RETAIN_SELF = YES;
				CLANG_WARN_OBJC_LITERAL_CONVERSION = YES;
				CLANG_WARN_OBJC_ROOT_CLASS = YES_ERROR;
				CLANG_WARN_QUOTED_INCLUDE_IN_FRAMEWORK_HEADER = YES;
				CLANG_WARN_RANGE_LOOP_ANALYSIS = YES;
				CLANG_WARN_STRICT_PROTOTYPES = YES;
				CLANG_WARN_SUSPICIOUS_MOVE = YES;
				CLANG_WARN_UNGUARDED_AVAILABILITY = YES_AGGRESSIVE;
				CLANG_WARN_UNREACHABLE_CODE = YES;
				CLANG_WARN__DUPLICATE_METHOD_MATCH = YES;
				COPY_PHASE_STRIP = NO;
				DEBUG_INFORMATION_FORMAT = "dwarf-with-dsym";
				ENABLE_NS_ASSERTIONS = NO;
				ENABLE_STRICT_OBJC_MSGSEND = YES;
				GCC_C_LANGUAGE_STANDARD = gnu11;
				GCC_NO_COMMON_BLOCKS = YES;
				GCC_WARN_64_TO_32_BIT_CONVERSION = YES;
				GCC_WARN_ABOUT_RETURN_TYPE = YES_ERROR;
				GCC_WARN_UNDECLARED_SELECTOR = YES;
				GCC_WARN_UNINITIALIZED_AUTOS = YES_AGGRESSIVE;
				GCC_WARN_UNUSED_FUNCTION = YES;
				GCC_WARN_UNUSED_VARIABLE = YES;
				IPHONEOS_DEPLOYMENT_TARGET = 16.4;
				MTL_ENABLE_DEBUG_INFO = NO;
				MTL_FAST_MATH = YES;
				SDKROOT = iphoneos;
				SWIFT_COMPILATION_MODE = wholemodule;
				SWIFT_OPTIMIZATION_LEVEL = "-O";
				VALIDATE_PRODUCT = YES;
			};
			name = Release;
		};
		2A3AB1872B03B22700E2893C /* Debug */ = {
			isa = XCBuildConfiguration;
			buildSettings = {
				ASSETCATALOG_COMPILER_APPICON_NAME = AppIcon;
				ASSETCATALOG_COMPILER_GLOBAL_ACCENT_COLOR_NAME = AccentColor;
				CODE_SIGN_STYLE = Automatic;
				CURRENT_PROJECT_VERSION = 1;
				GENERATE_INFOPLIST_FILE = YES;
				INFOPLIST_FILE = iOSPack/Info.plist;
				INFOPLIST_KEY_UIApplicationSupportsIndirectInputEvents = YES;
				INFOPLIST_KEY_UILaunchStoryboardName = LaunchScreen;
				INFOPLIST_KEY_UIMainStoryboardFile = Main;
				INFOPLIST_KEY_UISupportedInterfaceOrientations_iPad = "UIInterfaceOrientationPortrait UIInterfaceOrientationPortraitUpsideDown UIInterfaceOrientationLandscapeLeft UIInterfaceOrientationLandscapeRight";
				INFOPLIST_KEY_UISupportedInterfaceOrientations_iPhone = "UIInterfaceOrientationPortrait UIInterfaceOrientationLandscapeLeft UIInterfaceOrientationLandscapeRight";
				LD_RUNPATH_SEARCH_PATHS = (
					"$(inherited)",
					"@executable_path/Frameworks",
				);
				MARKETING_VERSION = 1.0;
				PRODUCT_BUNDLE_IDENTIFIER = com.viabtcdev.iOSPack;
				PRODUCT_NAME = "$(TARGET_NAME)";
				SWIFT_EMIT_LOC_STRINGS = YES;
				SWIFT_VERSION = 5.0;
				TARGETED_DEVICE_FAMILY = "1,2";
			};
			name = Debug;
		};
		2A3AB1882B03B22700E2893C /* Release */ = {
			isa = XCBuildConfiguration;
			buildSettings = {
				ASSETCATALOG_COMPILER_APPICON_NAME = AppIcon;
				ASSETCATALOG_COMPILER_GLOBAL_ACCENT_COLOR_NAME = AccentColor;
				CODE_SIGN_STYLE = Automatic;
				CURRENT_PROJECT_VERSION = 1;
				GENERATE_INFOPLIST_FILE = YES;
				INFOPLIST_FILE = iOSPack/Info.plist;
				INFOPLIST_KEY_UIApplicationSupportsIndirectInputEvents = YES;
				INFOPLIST_KEY_UILaunchStoryboardName = LaunchScreen;
				INFOPLIST_KEY_UIMainStoryboardFile = Main;
				INFOPLIST_KEY_UISupportedInterfaceOrientations_iPad = "UIInterfaceOrientationPortrait UIInterfaceOrientationPortraitUpsideDown UIInterfaceOrientationLandscapeLeft UIInterfaceOrientationLandscapeRight";
				INFOPLIST_KEY_UISupportedInterfaceOrientations_iPhone = "UIInterfaceOrientationPortrait UIInterfaceOrientationLandscapeLeft UIInterfaceOrientationLandscapeRight";
				LD_RUNPATH_SEARCH_PATHS = (
					"$(inherited)",
					"@executable_path/Frameworks",
				);
				MARKETING_VERSION = 1.0;
				PRODUCT_BUNDLE_IDENTIFIER = com.viabtcdev.iOSPack;
				PRODUCT_NAME = "$(TARGET_NAME)";
				SWIFT_EMIT_LOC_STRINGS = YES;
				SWIFT_VERSION = 5.0;
				TARGETED_DEVICE_FAMILY = "1,2";
			};
			name = Release;
		};
		2A3AB18A2B03B22700E2893C /* Debug */ = {
			isa = XCBuildConfiguration;
			buildSettings = {
				ALWAYS_EMBED_SWIFT_STANDARD_LIBRARIES = YES;
				BUNDLE_LOADER = "$(TEST_HOST)";
				CODE_SIGN_STYLE = Automatic;
				CURRENT_PROJECT_VERSION = 1;
				GENERATE_INFOPLIST_FILE = YES;
				IPHONEOS_DEPLOYMENT_TARGET = 16.4;
				MARKETING_VERSION = 1.0;
				PRODUCT_BUNDLE_IDENTIFIER = com.viabtcdev.iOSPackTests;
				PRODUCT_NAME = "$(TARGET_NAME)";
				SWIFT_EMIT_LOC_STRINGS = NO;
				SWIFT_VERSION = 5.0;
				TARGETED_DEVICE_FAMILY = "1,2";
				TEST_HOST = "$(BUILT_PRODUCTS_DIR)/iOSPack.app/$(BUNDLE_EXECUTABLE_FOLDER_PATH)/iOSPack";
			};
			name = Debug;
		};
		2A3AB18B2B03B22700E2893C /* Release */ = {
			isa = XCBuildConfiguration;
			buildSettings = {
				ALWAYS_EMBED_SWIFT_STANDARD_LIBRARIES = YES;
				BUNDLE_LOADER = "$(TEST_HOST)";
				CODE_SIGN_STYLE = Automatic;
				CURRENT_PROJECT_VERSION = 1;
				GENERATE_INFOPLIST_FILE = YES;
				IPHONEOS_DEPLOYMENT_TARGET = 16.4;
				MARKETING_VERSION = 1.0;
				PRODUCT_BUNDLE_IDENTIFIER = com.viabtcdev.iOSPackTests;
				PRODUCT_NAME = "$(TARGET_NAME)";
				SWIFT_EMIT_LOC_STRINGS = NO;
				SWIFT_VERSION = 5.0;
				TARGETED_DEVICE_FAMILY = "1,2";
				TEST_HOST = "$(BUILT_PRODUCTS_DIR)/iOSPack.app/$(BUNDLE_EXECUTABLE_FOLDER_PATH)/iOSPack";
			};
			name = Release;
		};
		2A3AB18D2B03B22700E2893C /* Debug */ = {
			isa = XCBuildConfiguration;
			buildSettings = {
				ALWAYS_EMBED_SWIFT_STANDARD_LIBRARIES = YES;
				CODE_SIGN_STYLE = Automatic;
				CURRENT_PROJECT_VERSION = 1;
				GENERATE_INFOPLIST_FILE = YES;
				MARKETING_VERSION = 1.0;
				PRODUCT_BUNDLE_IDENTIFIER = com.viabtcdev.iOSPackUITests;
				PRODUCT_NAME = "$(TARGET_NAME)";
				SWIFT_EMIT_LOC_STRINGS = NO;
				SWIFT_VERSION = 5.0;
				TARGETED_DEVICE_FAMILY = "1,2";
				TEST_TARGET_NAME = iOSPack;
			};
			name = Debug;
		};
		2A3AB18E2B03B22700E2893C /* Release */ = {
			isa = XCBuildConfiguration;
			buildSettings = {
				ALWAYS_EMBED_SWIFT_STANDARD_LIBRARIES = YES;
				CODE_SIGN_STYLE = Automatic;
				CURRENT_PROJECT_VERSION = 1;
				GENERATE_INFOPLIST_FILE = YES;
				MARKETING_VERSION = 1.0;
				PRODUCT_BUNDLE_IDENTIFIER = com.viabtcdev.iOSPackUITests;
				PRODUCT_NAME = "$(TARGET_NAME)";
				SWIFT_EMIT_LOC_STRINGS = NO;
				SWIFT_VERSION = 5.0;
				TARGETED_DEVICE_FAMILY = "1,2";
				TEST_TARGET_NAME = iOSPack;
			};
			name = Release;
		};
/* End XCBuildConfiguration section */

/* Begin XCConfigurationList section */
		2A3AB1572B03B22600E2893C /* Build configuration list for PBXProject "iOSPack" */ = {
			isa = XCConfigurationList;
			buildConfigurations = (
				2A3AB1842B03B22700E2893C /* Debug */,
				2A3AB1852B03B22700E2893C /* Release */,
			);
			defaultConfigurationIsVisible = 0;
			defaultConfigurationName = Release;
		};
		2A3AB1862B03B22700E2893C /* Build configuration list for PBXNativeTarget "iOSPack" */ = {
			isa = XCConfigurationList;
			buildConfigurations = (
				2A3AB1872B03B22700E2893C /* Debug */,
				2A3AB1882B03B22700E2893C /* Release */,
			);
			defaultConfigurationIsVisible = 0;
			defaultConfigurationName = Release;
		};
		2A3AB1892B03B22700E2893C /* Build configuration list for PBXNativeTarget "iOSPackTests" */ = {
			isa = XCConfigurationList;
			buildConfigurations = (
				2A3AB18A2B03B22700E2893C /* Debug */,
				2A3AB18B2B03B22700E2893C /* Release */,
			);
			defaultConfigurationIsVisible = 0;
			defaultConfigurationName = Release;
		};
		2A3AB18C2B03B22700E2893C /* Build configuration list for PBXNativeTarget "iOSPackUITests" */ = {
			isa = XCConfigurationList;
			buildConfigurations = (
				2A3AB18D2B03B22700E2893C /* Debug */,
				2A3AB18E2B03B22700E2893C /* Release */,
			);
			defaultConfigurationIsVisible = 0;
			defaultConfigurationName = Release;
		};
/* End XCConfigurationList section */
	};
	rootObject = 2A3AB1542B03B22600E2893C /* Project object */;
}
